
Microsoft Visual Studio Solution File, Format Version 12.00
# Visual Studio Version 17
VisualStudioVersion = 17.5.33424.131
MinimumVisualStudioVersion = 10.0.40219.1
Project("{FAE04EC0-301F-11D3-BF4B-00C04F79EFBC}") = "Plugin.Maui.AudioRecorder", "Plugin.Maui.AudioRecorder.csproj", "{C1BCAD12-D533-411B-A59D-A8E0DD571D35}"
EndProject
Global
	GlobalSection(SolutionConfigurationPlatforms) = preSolution
		Debug|Any CPU = Debug|Any CPU
		Release|Any CPU = Release|Any CPU
	EndGlobalSection
	GlobalSection(ProjectConfigurationPlatforms) = postSolution
		{C1BCAD12-D533-411B-A59D-A8E0DD571D35}.Debug|Any CPU.ActiveCfg = Debug|Any CPU
		{C1BCAD12-D533-411B-A59D-A8E0DD571D35}.Debug|Any CPU.Build.0 = Debug|Any CPU
		{C1BCAD12-D533-411B-A59D-A8E0DD571D35}.Release|Any CPU.ActiveCfg = Release|Any CPU
		{C1BCAD12-D533-411B-A59D-A8E0DD571D35}.Release|Any CPU.Build.0 = Release|Any CPU
	EndGlobalSection
	GlobalSection(SolutionProperties) = preSolution
		HideSolutionNode = FALSE
	EndGlobalSection
	GlobalSection(ExtensibilityGlobals) = postSolution
		SolutionGuid = {2CBD4786-092F-4040-B9CE-3CAD9DE9FFB6}
	EndGlobalSection
EndGlobal
